
Microsoft Visual Studio Solution File, Format Version 12.00
# Visual Studio Version 17
VisualStudioVersion = 17.14.36109.1
MinimumVisualStudioVersion = 10.0.40219.1
Project("{FAE04EC0-301F-11D3-BF4B-00C04F79EFBC}") = "SwiftMapper.Test", "SwiftMapper.Test\SwiftMapper.Test.csproj", "{DA3CF092-5184-A0AB-C059-97B8D751CCBC}"
EndProject
Project("{FAE04EC0-301F-11D3-BF4B-00C04F79EFBC}") = "SwiftMapper", "SwiftMapper\SwiftMapper.csproj", "{9F1A71B3-128D-2846-D657-637209740005}"
EndProject
Global
	GlobalSection(SolutionConfigurationPlatforms) = preSolution
		Debug|Any CPU = Debug|Any CPU
		Release|Any CPU = Release|Any CPU
	EndGlobalSection
	GlobalSection(ProjectConfigurationPlatforms) = postSolution
		{DA3CF092-5184-A0AB-C059-97B8D751CCBC}.Debug|Any CPU.ActiveCfg = Debug|Any CPU
		{DA3CF092-5184-A0AB-C059-97B8D751CCBC}.Debug|Any CPU.Build.0 = Debug|Any CPU
		{DA3CF092-5184-A0AB-C059-97B8D751CCBC}.Release|Any CPU.ActiveCfg = Release|Any CPU
		{DA3CF092-5184-A0AB-C059-97B8D751CCBC}.Release|Any CPU.Build.0 = Release|Any CPU
		{9F1A71B3-128D-2846-D657-637209740005}.Debug|Any CPU.ActiveCfg = Debug|Any CPU
		{9F1A71B3-128D-2846-D657-637209740005}.Debug|Any CPU.Build.0 = Debug|Any CPU
		{9F1A71B3-128D-2846-D657-637209740005}.Release|Any CPU.ActiveCfg = Release|Any CPU
		{9F1A71B3-128D-2846-D657-637209740005}.Release|Any CPU.Build.0 = Release|Any CPU
	EndGlobalSection
	GlobalSection(SolutionProperties) = preSolution
		HideSolutionNode = FALSE
	EndGlobalSection
	GlobalSection(ExtensibilityGlobals) = postSolution
		SolutionGuid = {88F563C3-B992-4822-915B-8229B03DD472}
	EndGlobalSection
EndGlobal
